// !$*UTF8*$!
{
	archiveVersion = 1;
	classes = {
	};
	objectVersion = 50;
	objects = {

/* Begin PBXBuildFile section */
		F0620DD521D0C2D800DBEFDC /* AppDelegate.swift in Sources */ = {isa = PBXBuildFile; fileRef = F0620DD421D0C2D800DBEFDC /* AppDelegate.swift */; };
		F0620DD721D0C2D800DBEFDC /* ViewController.swift in Sources */ = {isa = PBXBuildFile; fileRef = F0620DD621D0C2D800DBEFDC /* ViewController.swift */; };
		F0620DDA21D0C2D800DBEFDC /* Main.storyboard in Resources */ = {isa = PBXBuildFile; fileRef = F0620DD821D0C2D800DBEFDC /* Main.storyboard */; };
		F0620DDC21D0C2DF00DBEFDC /* Assets.xcassets in Resources */ = {isa = PBXBuildFile; fileRef = F0620DDB21D0C2DF00DBEFDC /* Assets.xcassets */; };
		F0620DDF21D0C2DF00DBEFDC /* LaunchScreen.storyboard in Resources */ = {isa = PBXBuildFile; fileRef = F0620DDD21D0C2DF00DBEFDC /* LaunchScreen.storyboard */; };
		F0620DE721D0C85800DBEFDC /* CodeView.swift in Sources */ = {isa = PBXBuildFile; fileRef = F0620DE621D0C85800DBEFDC /* CodeView.swift */; };
/* End PBXBuildFile section */

/* Begin PBXFileReference section */
		F0620DD121D0C2D800DBEFDC /* VerificationCodeDemo.app */ = {isa = PBXFileReference; explicitFileType = wrapper.application; includeInIndex = 0; path = VerificationCodeDemo.app; sourceTree = BUILT_PRODUCTS_DIR; };
		F0620DD421D0C2D800DBEFDC /* AppDelegate.swift */ = {isa = PBXFileReference; lastKnownFileType = sourcecode.swift; path = AppDelegate.swift; sourceTree = "<group>"; };
		F0620DD621D0C2D800DBEFDC /* ViewController.swift */ = {isa = PBXFileReference; lastKnownFileType = sourcecode.swift; path = ViewController.swift; sourceTree = "<group>"; };
		F0620DD921D0C2D800DBEFDC /* Base */ = {isa = PBXFileReference; lastKnownFileType = file.storyboard; name = Base; path = Base.lproj/Main.storyboard; sourceTree = "<group>"; };
		F0620DDB21D0C2DF00DBEFDC /* Assets.xcassets */ = {isa = PBXFileReference; lastKnownFileType = folder.assetcatalog; path = Assets.xcassets; sourceTree = "<group>"; };
		F0620DDE21D0C2DF00DBEFDC /* Base */ = {isa = PBXFileReference; lastKnownFileType = file.storyboard; name = Base; path = Base.lproj/LaunchScreen.storyboard; sourceTree = "<group>"; };
		F0620DE021D0C2DF00DBEFDC /* Info.plist */ = {isa = PBXFileReference; lastKnownFileType = text.plist.xml; path = Info.plist; sourceTree = "<group>"; };
		F0620DE621D0C85800DBEFDC /* CodeView.swift */ = {isa = PBXFileReference; lastKnownFileType = sourcecode.swift; path = CodeView.swift; sourceTree = "<group>"; };
/* End PBXFileReference section */

/* Begin PBXFrameworksBuildPhase section */
		F0620DCE21D0C2D800DBEFDC /* Frameworks */ = {
			isa = PBXFrameworksBuildPhase;
			buildActionMask = 2147483647;
			files = (
			);
			runOnlyForDeploymentPostprocessing = 0;
		};
/* End PBXFrameworksBuildPhase section */

/* Begin PBXGroup section */
		F0620DC821D0C2D700DBEFDC = {
			isa = PBXGroup;
			children = (
				F0620DD321D0C2D800DBEFDC /* VerificationCodeDemo */,
				F0620DD221D0C2D800DBEFDC /* Products */,
			);
			sourceTree = "<group>";
		};
		F0620DD221D0C2D800DBEFDC /* Products */ = {
			isa = PBXGroup;
			children = (
				F0620DD121D0C2D800DBEFDC /* VerificationCodeDemo.app */,
			);
			name = Products;
			sourceTree = "<group>";
		};
		F0620DD321D0C2D800DBEFDC /* VerificationCodeDemo */ = {
			isa = PBXGroup;
			children = (
				F0620DD421D0C2D800DBEFDC /* AppDelegate.swift */,
				F0620DD621D0C2D800DBEFDC /* ViewController.swift */,
				F0620DE621D0C85800DBEFDC /* CodeView.swift */,
				F0620DD821D0C2D800DBEFDC /* Main.storyboard */,
				F0620DDB21D0C2DF00DBEFDC /* Assets.xcassets */,
				F0620DDD21D0C2DF00DBEFDC /* LaunchScreen.storyboard */,
				F0620DE021D0C2DF00DBEFDC /* Info.plist */,
			);
			path = VerificationCodeDemo;
			sourceTree = "<group>";
		};
/* End PBXGroup section */

/* Begin PBXNativeTarget section */
		F0620DD021D0C2D800DBEFDC /* VerificationCodeDemo */ = {
			isa = PBXNativeTarget;
			buildConfigurationList = F0620DE321D0C2DF00DBEFDC /* Build configuration list for PBXNativeTarget "VerificationCodeDemo" */;
			buildPhases = (
				F0620DCD21D0C2D800DBEFDC /* Sources */,
				F0620DCE21D0C2D800DBEFDC /* Frameworks */,
				F0620DCF21D0C2D800DBEFDC /* Resources */,
			);
			buildRules = (
			);
			dependencies = (
			);
			name = VerificationCodeDemo;
			productName = VerificationCodeDemo;
			productReference = F0620DD121D0C2D800DBEFDC /* VerificationCodeDemo.app */;
			productType = "com.apple.product-type.application";
		};
/* End PBXNativeTarget section */

/* Begin PBXProject section */
		F0620DC921D0C2D700DBEFDC /* Project object */ = {
			isa = PBXProject;
			attributes = {
				LastSwiftUpdateCheck = 1010;
				LastUpgradeCheck = 1010;
				ORGANIZATIONNAME = 55it;
				TargetAttributes = {
					F0620DD021D0C2D800DBEFDC = {
						CreatedOnToolsVersion = 10.1;
					};
				};
			};
			buildConfigurationList = F0620DCC21D0C2D700DBEFDC /* Build configuration list for PBXProject "VerificationCodeDemo" */;
			compatibilityVersion = "Xcode 9.3";
			developmentRegion = en;
			hasScannedForEncodings = 0;
			knownRegions = (
				en,
				Base,
			);
			mainGroup = F0620DC821D0C2D700DBEFDC;
			productRefGroup = F0620DD221D0C2D800DBEFDC /* Products */;
			projectDirPath = "";
			projectRoot = "";
			targets = (
				F0620DD021D0C2D800DBEFDC /* VerificationCodeDemo */,
			);
		};
/* End PBXProject section */

/* Begin PBXResourcesBuildPhase section */
		F0620DCF21D0C2D800DBEFDC /* Resources */ = {
			isa = PBXResourcesBuildPhase;
			buildActionMask = 2147483647;
			files = (
				F0620DDF21D0C2DF00DBEFDC /* LaunchScreen.storyboard in Resources */,
				F0620DDC21D0C2DF00DBEFDC /* Assets.xcassets in Resources */,
				F0620DDA21D0C2D800DBEFDC /* Main.storyboard in Resources */,
			);
			runOnlyForDeploymentPostprocessing = 0;
		};
/* End PBXResourcesBuildPhase section */

/* Begin PBXSourcesBuildPhase section */
		F0620DCD21D0C2D800DBEFDC /* Sources */ = {
			isa = PBXSourcesBuildPhase;
			buildActionMask = 2147483647;
			files = (
				F0620DE721D0C85800DBEFDC /* CodeView.swift in Sources */,
				F0620DD721D0C2D800DBEFDC /* ViewController.swift in Sources */,
				F0620DD521D0C2D800DBEFDC /* AppDelegate.swift in Sources */,
			);
			runOnlyForDeploymentPostprocessing = 0;
		};
/* End PBXSourcesBuildPhase section */

/* Begin PBXVariantGroup section */
		F0620DD821D0C2D800DBEFDC /* Main.storyboard */ = {
			isa = PBXVariantGroup;
			children = (
				F0620DD921D0C2D800DBEFDC /* Base */,
			);
			name = Main.storyboard;
			sourceTree = "<group>";
		};
		F0620DDD21D0C2DF00DBEFDC /* LaunchScreen.storyboard */ = {
			isa = PBXVariantGroup;
			children = (
				F0620DDE21D0C2DF00DBEFDC /* Base */,
			);
			name = LaunchScreen.storyboard;
			sourceTree = "<group>";
		};
/* End PBXVariantGroup section */

/* Begin XCBuildConfiguration section */
		F0620DE121D0C2DF00DBEFDC /* Debug */ = {
			isa = XCBuildConfiguration;
			buildSettings = {
				ALWAYS_SEARCH_USER_PATHS = NO;
				CLANG_ANALYZER_NONNULL = YES;
				CLANG_ANALYZER_NUMBER_OBJECT_CONVERSION = YES_AGGRESSIVE;
				CLANG_CXX_LANGUAGE_STANDARD = "gnu++14";
				CLANG_CXX_LIBRARY = "libc++";
				CLANG_ENABLE_MODULES = YES;
				CLANG_ENABLE_OBJC_ARC = YES;
				CLANG_ENABLE_OBJC_WEAK = YES;
				CLANG_WARN_BLOCK_CAPTURE_AUTORELEASING = YES;
				CLANG_WARN_BOOL_CONVERSION = YES;
				CLANG_WARN_COMMA = YES;
				CLANG_WARN_CONSTANT_CONVERSION = YES;
				CLANG_WARN_DEPRECATED_OBJC_IMPLEMENTATIONS = YES;
				CLANG_WARN_DIRECT_OBJC_ISA_USAGE = YES_ERROR;
				CLANG_WARN_DOCUMENTATION_COMMENTS = YES;
				CLANG_WARN_EMPTY_BODY = YES;
				CLANG_WARN_ENUM_CONVERSION = YES;
				CLANG_WARN_INFINITE_RECURSION = YES;
				CLANG_WARN_INT_CONVERSION = YES;
				CLANG_WARN_NON_LITERAL_NULL_CONVERSION = YES;
				CLANG_WARN_OBJC_IMPLICIT_RETAIN_SELF = YES;
				CLANG_WARN_OBJC_LITERAL_CONVERSION = YES;
				CLANG_WARN_OBJC_ROOT_CLASS = YES_ERROR;
				CLANG_WARN_RANGE_LOOP_ANALYSIS = YES;
				CLANG_WARN_STRICT_PROTOTYPES = YES;
				CLANG_WARN_SUSPICIOUS_MOVE = YES;
				CLANG_WARN_UNGUARDED_AVAILABILITY = YES_AGGRESSIVE;
				CLANG_WARN_UNREACHABLE_CODE = YES;
				CLANG_WARN__DUPLICATE_METHOD_MATCH = YES;
				CODE_SIGN_IDENTITY = "iPhone Developer";
				COPY_PHASE_STRIP = NO;
				DEBUG_INFORMATION_FORMAT = dwarf;
				ENABLE_STRICT_OBJC_MSGSEND = YES;
				ENABLE_TESTABILITY = YES;
				GCC_C_LANGUAGE_STANDARD = gnu11;
				GCC_DYNAMIC_NO_PIC = NO;
				GCC_NO_COMMON_BLOCKS = YES;
				GCC_OPTIMIZATION_LEVEL = 0;
				GCC_PREPROCESSOR_DEFINITIONS = (
					"DEBUG=1",
					"$(inherited)",
				);
				GCC_WARN_64_TO_32_BIT_CONVERSION = YES;
				GCC_WARN_ABOUT_RETURN_TYPE = YES_ERROR;
				GCC_WARN_UNDECLARED_SELECTOR = YES;
				GCC_WARN_UNINITIALIZED_AUTOS = YES_AGGRESSIVE;
				GCC_WARN_UNUSED_FUNCTION = YES;
				GCC_WARN_UNUSED_VARIABLE = YES;
				IPHONEOS_DEPLOYMENT_TARGET = 12.1;
				MTL_ENABLE_DEBUG_INFO = INCLUDE_SOURCE;
				MTL_FAST_MATH = YES;
				ONLY_ACTIVE_ARCH = YES;
				SDKROOT = iphoneos;
				SWIFT_ACTIVE_COMPILATION_CONDITIONS = DEBUG;
				SWIFT_OPTIMIZATION_LEVEL = "-Onone";
			};
			name = Debug;
		};
		F0620DE221D0C2DF00DBEFDC /* Release */ = {
			isa = XCBuildConfiguration;
			buildSettings = {
				ALWAYS_SEARCH_USER_PATHS = NO;
				CLANG_ANALYZER_NONNULL = YES;
				CLANG_ANALYZER_NUMBER_OBJECT_CONVERSION = YES_AGGRESSIVE;
				CLANG_CXX_LANGUAGE_STANDARD = "gnu++14";
				CLANG_CXX_LIBRARY = "libc++";
				CLANG_ENABLE_MODULES = YES;
				CLANG_ENABLE_OBJC_ARC = YES;
				CLANG_ENABLE_OBJC_WEAK = YES;
				CLANG_WARN_BLOCK_CAPTURE_AUTORELEASING = YES;
				CLANG_WARN_BOOL_CONVERSION = YES;
				CLANG_WARN_COMMA = YES;
				CLANG_WARN_CONSTANT_CONVERSION = YES;
				CLANG_WARN_DEPRECATED_OBJC_IMPLEMENTATIONS = YES;
				CLANG_WARN_DIRECT_OBJC_ISA_USAGE = YES_ERROR;
				CLANG_WARN_DOCUMENTATION_COMMENTS = YES;
				CLANG_WARN_EMPTY_BODY = YES;
				CLANG_WARN_ENUM_CONVERSION = YES;
				CLANG_WARN_INFINITE_RECURSION = YES;
				CLANG_WARN_INT_CONVERSION = YES;
				CLANG_WARN_NON_LITERAL_NULL_CONVERSION = YES;
				CLANG_WARN_OBJC_IMPLICIT_RETAIN_SELF = YES;
				CLANG_WARN_OBJC_LITERAL_CONVERSION = YES;
				CLANG_WARN_OBJC_ROOT_CLASS = YES_ERROR;
				CLANG_WARN_RANGE_LOOP_ANALYSIS = YES;
				CLANG_WARN_STRICT_PROTOTYPES = YES;
				CLANG_WARN_SUSPICIOUS_MOVE = YES;
				CLANG_WARN_UNGUARDED_AVAILABILITY = YES_AGGRESSIVE;
				CLANG_WARN_UNREACHABLE_CODE = YES;
				CLANG_WARN__DUPLICATE_METHOD_MATCH = YES;
				CODE_SIGN_IDENTITY = "iPhone Developer";
				COPY_PHASE_STRIP = NO;
				DEBUG_INFORMATION_FORMAT = "dwarf-with-dsym";
				ENABLE_NS_ASSERTIONS = NO;
				ENABLE_STRICT_OBJC_MSGSEND = YES;
				GCC_C_LANGUAGE_STANDARD = gnu11;
				GCC_NO_COMMON_BLOCKS = YES;
				GCC_WARN_64_TO_32_BIT_CONVERSION = YES;
				GCC_WARN_ABOUT_RETURN_TYPE = YES_ERROR;
				GCC_WARN_UNDECLARED_SELECTOR = YES;
				GCC_WARN_UNINITIALIZED_AUTOS = YES_AGGRESSIVE;
				GCC_WARN_UNUSED_FUNCTION = YES;
				GCC_WARN_UNUSED_VARIABLE = YES;
				IPHONEOS_DEPLOYMENT_TARGET = 12.1;
				MTL_ENABLE_DEBUG_INFO = NO;
				MTL_FAST_MATH = YES;
				SDKROOT = iphoneos;
				SWIFT_COMPILATION_MODE = wholemodule;
				SWIFT_OPTIMIZATION_LEVEL = "-O";
				VALIDATE_PRODUCT = YES;
			};
			name = Release;
		};
		F0620DE421D0C2DF00DBEFDC /* Debug */ = {
			isa = XCBuildConfiguration;
			buildSettings = {
				ASSETCATALOG_COMPILER_APPICON_NAME = AppIcon;
				CODE_SIGN_STYLE = Automatic;
				DEVELOPMENT_TEAM = C6765VDFWW;
				INFOPLIST_FILE = VerificationCodeDemo/Info.plist;
				LD_RUNPATH_SEARCH_PATHS = (
					"$(inherited)",
					"@executable_path/Frameworks",
				);
				PRODUCT_BUNDLE_IDENTIFIER = "-22.VerificationCodeDemo";
				PRODUCT_NAME = "$(TARGET_NAME)";
				SWIFT_VERSION = 4.2;
				TARGETED_DEVICE_FAMILY = "1,2";
			};
			name = Debug;
		};
		F0620DE521D0C2DF00DBEFDC /* Release */ = {
			isa = XCBuildConfiguration;
			buildSettings = {
				ASSETCATALOG_COMPILER_APPICON_NAME = AppIcon;
				CODE_SIGN_STYLE = Automatic;
				DEVELOPMENT_TEAM = C6765VDFWW;
				INFOPLIST_FILE = VerificationCodeDemo/Info.plist;
				LD_RUNPATH_SEARCH_PATHS = (
					"$(inherited)",
					"@executable_path/Frameworks",
				);
				PRODUCT_BUNDLE_IDENTIFIER = "-22.VerificationCodeDemo";
				PRODUCT_NAME = "$(TARGET_NAME)";
				SWIFT_VERSION = 4.2;
				TARGETED_DEVICE_FAMILY = "1,2";
			};
			name = Release;
		};
/* End XCBuildConfiguration section */

/* Begin XCConfigurationList section */
		F0620DCC21D0C2D700DBEFDC /* Build configuration list for PBXProject "VerificationCodeDemo" */ = {
			isa = XCConfigurationList;
			buildConfigurations = (
				F0620DE121D0C2DF00DBEFDC /* Debug */,
				F0620DE221D0C2DF00DBEFDC /* Release */,
			);
			defaultConfigurationIsVisible = 0;
			defaultConfigurationName = Release;
		};
		F0620DE321D0C2DF00DBEFDC /* Build configuration list for PBXNativeTarget "VerificationCodeDemo" */ = {
			isa = XCConfigurationList;
			buildConfigurations = (
				F0620DE421D0C2DF00DBEFDC /* Debug */,
				F0620DE521D0C2DF00DBEFDC /* Release */,
			);
			defaultConfigurationIsVisible = 0;
			defaultConfigurationName = Release;
		};
/* End XCConfigurationList section */
	};
	rootObject = F0620DC921D0C2D700DBEFDC /* Project object */;
}
